
Microsoft Visual Studio Solution File, Format Version 12.00
# Visual Studio Version 17
VisualStudioVersion = 17.7.34221.43
MinimumVisualStudioVersion = 10.0.40219.1
Project("{FAE04EC0-301F-11D3-BF4B-00C04F79EFBC}") = "ConsoleApp", "ConsoleApp\ConsoleApp.csproj", "{A99E57B7-12BC-4A6E-A413-CDE4D4FEC36E}"
EndProject
Project("{FAE04EC0-301F-11D3-BF4B-00C04F79EFBC}") = "Models", "Models\Models.csproj", "{6EBD32BB-14D9-43DC-8D7F-4F80F75B41DB}"
EndProject
Project("{FAE04EC0-301F-11D3-BF4B-00C04F79EFBC}") = "ShoppingList", "ShoppingList\ShoppingList.csproj", "{39587B89-2EAE-4E8C-912B-55A3A5F1B35E}"
EndProject
Project("{FAE04EC0-301F-11D3-BF4B-00C04F79EFBC}") = "Inheritance", "Inheritance\Inheritance.csproj", "{E7305A14-CC83-461B-9D1B-58F455B09EC9}"
EndProject
Global
	GlobalSection(SolutionConfigurationPlatforms) = preSolution
		Debug|Any CPU = Debug|Any CPU
		Release|Any CPU = Release|Any CPU
	EndGlobalSection
	GlobalSection(ProjectConfigurationPlatforms) = postSolution
		{A99E57B7-12BC-4A6E-A413-CDE4D4FEC36E}.Debug|Any CPU.ActiveCfg = Debug|Any CPU
		{A99E57B7-12BC-4A6E-A413-CDE4D4FEC36E}.Debug|Any CPU.Build.0 = Debug|Any CPU
		{A99E57B7-12BC-4A6E-A413-CDE4D4FEC36E}.Release|Any CPU.ActiveCfg = Release|Any CPU
		{A99E57B7-12BC-4A6E-A413-CDE4D4FEC36E}.Release|Any CPU.Build.0 = Release|Any CPU
		{6EBD32BB-14D9-43DC-8D7F-4F80F75B41DB}.Debug|Any CPU.ActiveCfg = Debug|Any CPU
		{6EBD32BB-14D9-43DC-8D7F-4F80F75B41DB}.Debug|Any CPU.Build.0 = Debug|Any CPU
		{6EBD32BB-14D9-43DC-8D7F-4F80F75B41DB}.Release|Any CPU.ActiveCfg = Release|Any CPU
		{6EBD32BB-14D9-43DC-8D7F-4F80F75B41DB}.Release|Any CPU.Build.0 = Release|Any CPU
		{39587B89-2EAE-4E8C-912B-55A3A5F1B35E}.Debug|Any CPU.ActiveCfg = Debug|Any CPU
		{39587B89-2EAE-4E8C-912B-55A3A5F1B35E}.Debug|Any CPU.Build.0 = Debug|Any CPU
		{39587B89-2EAE-4E8C-912B-55A3A5F1B35E}.Release|Any CPU.ActiveCfg = Release|Any CPU
		{39587B89-2EAE-4E8C-912B-55A3A5F1B35E}.Release|Any CPU.Build.0 = Release|Any CPU
		{E7305A14-CC83-461B-9D1B-58F455B09EC9}.Debug|Any CPU.ActiveCfg = Debug|Any CPU
		{E7305A14-CC83-461B-9D1B-58F455B09EC9}.Debug|Any CPU.Build.0 = Debug|Any CPU
		{E7305A14-CC83-461B-9D1B-58F455B09EC9}.Release|Any CPU.ActiveCfg = Release|Any CPU
		{E7305A14-CC83-461B-9D1B-58F455B09EC9}.Release|Any CPU.Build.0 = Release|Any CPU
	EndGlobalSection
	GlobalSection(SolutionProperties) = preSolution
		HideSolutionNode = FALSE
	EndGlobalSection
	GlobalSection(ExtensibilityGlobals) = postSolution
		SolutionGuid = {14BC6EE7-31FE-4D77-BDEE-DC7B627B6778}
	EndGlobalSection
EndGlobal
